
Microsoft Visual Studio Solution File, Format Version 12.00
# Visual Studio Version 17
VisualStudioVersion = 17.8.34525.116
MinimumVisualStudioVersion = 10.0.40219.1
Project("{9A19103F-16F7-4668-BE54-9A1E7A4F7556}") = "Secomez", "Secomez\Secomez.csproj", "{085A037E-0BEE-44BD-B51C-9DBBBCE87422}"
EndProject
Global
	GlobalSection(SolutionConfigurationPlatforms) = preSolution
		Debug|Any CPU = Debug|Any CPU
		Release|Any CPU = Release|Any CPU
	EndGlobalSection
	GlobalSection(ProjectConfigurationPlatforms) = postSolution
		{085A037E-0BEE-44BD-B51C-9DBBBCE87422}.Debug|Any CPU.ActiveCfg = Debug|Any CPU
		{085A037E-0BEE-44BD-B51C-9DBBBCE87422}.Debug|Any CPU.Build.0 = Debug|Any CPU
		{085A037E-0BEE-44BD-B51C-9DBBBCE87422}.Release|Any CPU.ActiveCfg = Release|Any CPU
		{085A037E-0BEE-44BD-B51C-9DBBBCE87422}.Release|Any CPU.Build.0 = Release|Any CPU
	EndGlobalSection
	GlobalSection(SolutionProperties) = preSolution
		HideSolutionNode = FALSE
	EndGlobalSection
	GlobalSection(ExtensibilityGlobals) = postSolution
		SolutionGuid = {CD27E222-1DA9-49AD-9FCB-BF4AE793AE6A}
	EndGlobalSection
EndGlobal
